PODS:
  - Alamofire (3.3.1)
  - JSQMessagesViewController (7.2.0):
    - JSQSystemSoundPlayer (~> 2.0.1)
  - JSQSystemSoundPlayer (2.0.1)
  - konashi-ios-sdk (4.1.0)
  - NCMB (2.3.2)
  - SwiftyJSON (2.3.2)

DEPENDENCIES:
  - Alamofire (~> 3.3)
  - JSQMessagesViewController (~> 7.2)
  - konashi-ios-sdk
  - NCMB (from `https://github.com/NIFTYCloud-mbaas/ncmb_ios.git`)
  - SwiftyJSON

EXTERNAL SOURCES:
  NCMB:
    :git: https://github.com/NIFTYCloud-mbaas/ncmb_ios.git

CHECKOUT OPTIONS:
  NCMB:
    :commit: 0bc471b471fe23e1346607086576956507d2e35e
    :git: https://github.com/NIFTYCloud-mbaas/ncmb_ios.git

SPEC CHECKSUMS:
  Alamofire: 369bc67b6f5ac33ded3648d7bd21c5bfb91c2ecc
  JSQMessagesViewController: 73cab48aa92fc2d512f3b6724f3425cc47a19eb5
  JSQSystemSoundPlayer: c5850e77a4363ffd374cd851154b9af93264ed8d
  konashi-ios-sdk: dd545f091380e8adf58114bf270f24f79d8b96cc
  NCMB: 0a2d8732ef733a55e8fba69f9fb3d04d442da3a9
  SwiftyJSON: 04ccea08915aa0109039157c7974cf0298da292a

COCOAPODS: 0.39.0
